
Microsoft Visual Studio Solution File, Format Version 12.00
# Visual Studio 15
VisualStudioVersion = 15.0.27130.2003
MinimumVisualStudioVersion = 10.0.40219.1
Project("{FAE04EC0-301F-11D3-BF4B-00C04F79EFBC}") = "ccFieldActivity", "ccFieldActivity\ccFieldActivity.csproj", "{EBE5149E-D5C7-4D90-80BE-71AC6D4164BE}"
EndProject
Global
	GlobalSection(SolutionConfigurationPlatforms) = preSolution
		Debug|Any CPU = Debug|Any CPU
		Release|Any CPU = Release|Any CPU
	EndGlobalSection
	GlobalSection(ProjectConfigurationPlatforms) = postSolution
		{EBE5149E-D5C7-4D90-80BE-71AC6D4164BE}.Debug|Any CPU.ActiveCfg = Debug|Any CPU
		{EBE5149E-D5C7-4D90-80BE-71AC6D4164BE}.Debug|Any CPU.Build.0 = Debug|Any CPU
		{EBE5149E-D5C7-4D90-80BE-71AC6D4164BE}.Release|Any CPU.ActiveCfg = Release|Any CPU
		{EBE5149E-D5C7-4D90-80BE-71AC6D4164BE}.Release|Any CPU.Build.0 = Release|Any CPU
	EndGlobalSection
	GlobalSection(SolutionProperties) = preSolution
		HideSolutionNode = FALSE
	EndGlobalSection
	GlobalSection(ExtensibilityGlobals) = postSolution
		SolutionGuid = {56B1ECDB-6D43-453B-8F75-E19E2E360740}
	EndGlobalSection
EndGlobal
