
Microsoft Visual Studio Solution File, Format Version 12.00
# Visual Studio 15
VisualStudioVersion = 15.0.27428.2037
MinimumVisualStudioVersion = 10.0.40219.1
Project("{FAE04EC0-301F-11D3-BF4B-00C04F79EFBC}") = "FkqCUSelection", "FkqCUSelection.csproj", "{4E5BF78F-8B9A-4BB2-A04B-EEA575465202}"
EndProject
Project("{FAE04EC0-301F-11D3-BF4B-00C04F79EFBC}") = "CUService", "..\..\Common\CUService\CUService.csproj", "{AD088AEA-0955-4E97-8F76-5672C20B2AA5}"
EndProject
Project("{FAE04EC0-301F-11D3-BF4B-00C04F79EFBC}") = "CommonSetCUStandardAttributes", "..\..\Common\CommonSetCUStandardAttributes\CommonSetCUStandardAttributes.csproj", "{E87A8795-7900-4CEF-BF48-0CFC04489F6F}"
EndProject
Global
	GlobalSection(SolutionConfigurationPlatforms) = preSolution
		Debug|Any CPU = Debug|Any CPU
		Release|Any CPU = Release|Any CPU
	EndGlobalSection
	GlobalSection(ProjectConfigurationPlatforms) = postSolution
		{4E5BF78F-8B9A-4BB2-A04B-EEA575465202}.Debug|Any CPU.ActiveCfg = Debug|Any CPU
		{4E5BF78F-8B9A-4BB2-A04B-EEA575465202}.Debug|Any CPU.Build.0 = Debug|Any CPU
		{4E5BF78F-8B9A-4BB2-A04B-EEA575465202}.Release|Any CPU.ActiveCfg = Release|Any CPU
		{4E5BF78F-8B9A-4BB2-A04B-EEA575465202}.Release|Any CPU.Build.0 = Release|Any CPU
		{AD088AEA-0955-4E97-8F76-5672C20B2AA5}.Debug|Any CPU.ActiveCfg = Debug|Any CPU
		{AD088AEA-0955-4E97-8F76-5672C20B2AA5}.Debug|Any CPU.Build.0 = Debug|Any CPU
		{AD088AEA-0955-4E97-8F76-5672C20B2AA5}.Release|Any CPU.ActiveCfg = Release|Any CPU
		{AD088AEA-0955-4E97-8F76-5672C20B2AA5}.Release|Any CPU.Build.0 = Release|Any CPU
		{E87A8795-7900-4CEF-BF48-0CFC04489F6F}.Debug|Any CPU.ActiveCfg = Debug|Any CPU
		{E87A8795-7900-4CEF-BF48-0CFC04489F6F}.Debug|Any CPU.Build.0 = Debug|Any CPU
		{E87A8795-7900-4CEF-BF48-0CFC04489F6F}.Release|Any CPU.ActiveCfg = Release|Any CPU
		{E87A8795-7900-4CEF-BF48-0CFC04489F6F}.Release|Any CPU.Build.0 = Release|Any CPU
	EndGlobalSection
	GlobalSection(SolutionProperties) = preSolution
		HideSolutionNode = FALSE
	EndGlobalSection
	GlobalSection(ExtensibilityGlobals) = postSolution
		SolutionGuid = {F6B0E8BF-C651-488D-B03F-1DA16B86BB90}
	EndGlobalSection
EndGlobal
