
Microsoft Visual Studio Solution File, Format Version 12.00
# Visual Studio 15
VisualStudioVersion = 15.0.27130.2003
MinimumVisualStudioVersion = 10.0.40219.1
Project("{FAE04EC0-301F-11D3-BF4B-00C04F79EFBC}") = "fiPhaseAgreement", "fiPhaseAgreement\fiPhaseAgreement.csproj", "{496B94DB-430F-4CAB-B991-8C519F30843D}"
EndProject
Project("{FAE04EC0-301F-11D3-BF4B-00C04F79EFBC}") = "ConnectivityHelper", "..\..\..\Common\ConnectivityHelper\ConnectivityHelper.csproj", "{C4AFCC1C-BC76-4D6A-A28A-85D31ED21AB7}"
EndProject
Project("{FAE04EC0-301F-11D3-BF4B-00C04F79EFBC}") = "gtCommandLogger", "..\..\..\Common\gtCommandLogger\gtCommandLogger.csproj", "{9D9FC565-36BC-44E0-95A6-E542E054010E}"
EndProject
Global
	GlobalSection(SolutionConfigurationPlatforms) = preSolution
		Debug|Any CPU = Debug|Any CPU
		Release|Any CPU = Release|Any CPU
	EndGlobalSection
	GlobalSection(ProjectConfigurationPlatforms) = postSolution
		{496B94DB-430F-4CAB-B991-8C519F30843D}.Debug|Any CPU.ActiveCfg = Debug|Any CPU
		{496B94DB-430F-4CAB-B991-8C519F30843D}.Debug|Any CPU.Build.0 = Debug|Any CPU
		{496B94DB-430F-4CAB-B991-8C519F30843D}.Release|Any CPU.ActiveCfg = Release|Any CPU
		{496B94DB-430F-4CAB-B991-8C519F30843D}.Release|Any CPU.Build.0 = Release|Any CPU
		{C4AFCC1C-BC76-4D6A-A28A-85D31ED21AB7}.Debug|Any CPU.ActiveCfg = Debug|Any CPU
		{C4AFCC1C-BC76-4D6A-A28A-85D31ED21AB7}.Debug|Any CPU.Build.0 = Debug|Any CPU
		{C4AFCC1C-BC76-4D6A-A28A-85D31ED21AB7}.Release|Any CPU.ActiveCfg = Release|Any CPU
		{C4AFCC1C-BC76-4D6A-A28A-85D31ED21AB7}.Release|Any CPU.Build.0 = Release|Any CPU
		{9D9FC565-36BC-44E0-95A6-E542E054010E}.Debug|Any CPU.ActiveCfg = Debug|Any CPU
		{9D9FC565-36BC-44E0-95A6-E542E054010E}.Debug|Any CPU.Build.0 = Debug|Any CPU
		{9D9FC565-36BC-44E0-95A6-E542E054010E}.Release|Any CPU.ActiveCfg = Release|Any CPU
		{9D9FC565-36BC-44E0-95A6-E542E054010E}.Release|Any CPU.Build.0 = Release|Any CPU
	EndGlobalSection
	GlobalSection(SolutionProperties) = preSolution
		HideSolutionNode = FALSE
	EndGlobalSection
	GlobalSection(ExtensibilityGlobals) = postSolution
		SolutionGuid = {87865D5D-3892-4680-BBF4-E48DA835AE4D}
	EndGlobalSection
EndGlobal
