
Microsoft Visual Studio Solution File, Format Version 12.00
# Visual Studio 15
VisualStudioVersion = 15.0.27130.2003
MinimumVisualStudioVersion = 10.0.40219.1
Project("{FAE04EC0-301F-11D3-BF4B-00C04F79EFBC}") = "commonVoucherFERCAccountForm", "commonVoucherFERCAccountForm\commonVoucherFERCAccountForm.csproj", "{34CE3CD3-6221-46C9-B18F-596C87EDA9B9}"
EndProject
Global
	GlobalSection(SolutionConfigurationPlatforms) = preSolution
		Debug|Any CPU = Debug|Any CPU
		Release|Any CPU = Release|Any CPU
	EndGlobalSection
	GlobalSection(ProjectConfigurationPlatforms) = postSolution
		{34CE3CD3-6221-46C9-B18F-596C87EDA9B9}.Debug|Any CPU.ActiveCfg = Debug|Any CPU
		{34CE3CD3-6221-46C9-B18F-596C87EDA9B9}.Debug|Any CPU.Build.0 = Debug|Any CPU
		{34CE3CD3-6221-46C9-B18F-596C87EDA9B9}.Release|Any CPU.ActiveCfg = Release|Any CPU
		{34CE3CD3-6221-46C9-B18F-596C87EDA9B9}.Release|Any CPU.Build.0 = Release|Any CPU
	EndGlobalSection
	GlobalSection(SolutionProperties) = preSolution
		HideSolutionNode = FALSE
	EndGlobalSection
	GlobalSection(ExtensibilityGlobals) = postSolution
		SolutionGuid = {6E243E3B-50B4-4132-9383-E45D974B83C2}
	EndGlobalSection
EndGlobal
