
Microsoft Visual Studio Solution File, Format Version 12.00
# Visual Studio 15
VisualStudioVersion = 15.0.27428.2015
MinimumVisualStudioVersion = 10.0.40219.1
Project("{FAE04EC0-301F-11D3-BF4B-00C04F79EFBC}") = "ccCreateBusTransformer", "ccCreateBusTransformer\ccCreateBusTransformer.csproj", "{D7CCB7A9-9892-4368-8BA0-E3F5EFAA68B2}"
EndProject
Global
	GlobalSection(SolutionConfigurationPlatforms) = preSolution
		Debug|Any CPU = Debug|Any CPU
		Release|Any CPU = Release|Any CPU
	EndGlobalSection
	GlobalSection(ProjectConfigurationPlatforms) = postSolution
		{D7CCB7A9-9892-4368-8BA0-E3F5EFAA68B2}.Debug|Any CPU.ActiveCfg = Debug|Any CPU
		{D7CCB7A9-9892-4368-8BA0-E3F5EFAA68B2}.Debug|Any CPU.Build.0 = Debug|Any CPU
		{D7CCB7A9-9892-4368-8BA0-E3F5EFAA68B2}.Release|Any CPU.ActiveCfg = Release|Any CPU
		{D7CCB7A9-9892-4368-8BA0-E3F5EFAA68B2}.Release|Any CPU.Build.0 = Release|Any CPU
	EndGlobalSection
	GlobalSection(SolutionProperties) = preSolution
		HideSolutionNode = FALSE
	EndGlobalSection
	GlobalSection(ExtensibilityGlobals) = postSolution
		SolutionGuid = {0329BE13-417A-43FA-AF89-CBC1C3CEBCFF}
	EndGlobalSection
EndGlobal
