
Microsoft Visual Studio Solution File, Format Version 12.00
# Visual Studio 15
VisualStudioVersion = 15.0.27130.2020
MinimumVisualStudioVersion = 10.0.40219.1
Project("{FAE04EC0-301F-11D3-BF4B-00C04F79EFBC}") = "CustomWriteBackLibrary", "CustomWriteBackLibrary\CustomWriteBackLibrary.csproj", "{A8A73252-40B1-4B7D-B921-BC10E01DA237}"
EndProject
Project("{FAE04EC0-301F-11D3-BF4B-00C04F79EFBC}") = "JobManager", "..\JobManager\JobManager\JobManager.csproj", "{ACDA487A-D5F7-42FA-91DF-78DC3365C2C2}"
EndProject
Project("{FAE04EC0-301F-11D3-BF4B-00C04F79EFBC}") = "SendXmlWebMessage", "..\SendXmlWebMessage\SendXmlWebMessage\SendXmlWebMessage.csproj", "{7BA97FEA-F60A-422B-A2C7-E325EFF9448C}"
EndProject
Project("{FAE04EC0-301F-11D3-BF4B-00C04F79EFBC}") = "GUIMode", "..\Utils\GUIMode.csproj", "{F60B747F-937A-439A-81B9-E6D5C736361C}"
EndProject
Global
	GlobalSection(SolutionConfigurationPlatforms) = preSolution
		Debug|Any CPU = Debug|Any CPU
		Release|Any CPU = Release|Any CPU
	EndGlobalSection
	GlobalSection(ProjectConfigurationPlatforms) = postSolution
		{A8A73252-40B1-4B7D-B921-BC10E01DA237}.Debug|Any CPU.ActiveCfg = Debug|Any CPU
		{A8A73252-40B1-4B7D-B921-BC10E01DA237}.Debug|Any CPU.Build.0 = Debug|Any CPU
		{A8A73252-40B1-4B7D-B921-BC10E01DA237}.Release|Any CPU.ActiveCfg = Release|Any CPU
		{A8A73252-40B1-4B7D-B921-BC10E01DA237}.Release|Any CPU.Build.0 = Release|Any CPU
		{ACDA487A-D5F7-42FA-91DF-78DC3365C2C2}.Debug|Any CPU.ActiveCfg = Debug|Any CPU
		{ACDA487A-D5F7-42FA-91DF-78DC3365C2C2}.Debug|Any CPU.Build.0 = Debug|Any CPU
		{ACDA487A-D5F7-42FA-91DF-78DC3365C2C2}.Release|Any CPU.ActiveCfg = Release|Any CPU
		{ACDA487A-D5F7-42FA-91DF-78DC3365C2C2}.Release|Any CPU.Build.0 = Release|Any CPU
		{7BA97FEA-F60A-422B-A2C7-E325EFF9448C}.Debug|Any CPU.ActiveCfg = Debug|Any CPU
		{7BA97FEA-F60A-422B-A2C7-E325EFF9448C}.Debug|Any CPU.Build.0 = Debug|Any CPU
		{7BA97FEA-F60A-422B-A2C7-E325EFF9448C}.Release|Any CPU.ActiveCfg = Release|Any CPU
		{7BA97FEA-F60A-422B-A2C7-E325EFF9448C}.Release|Any CPU.Build.0 = Release|Any CPU
		{F60B747F-937A-439A-81B9-E6D5C736361C}.Debug|Any CPU.ActiveCfg = Debug|Any CPU
		{F60B747F-937A-439A-81B9-E6D5C736361C}.Debug|Any CPU.Build.0 = Debug|Any CPU
		{F60B747F-937A-439A-81B9-E6D5C736361C}.Release|Any CPU.ActiveCfg = Release|Any CPU
		{F60B747F-937A-439A-81B9-E6D5C736361C}.Release|Any CPU.Build.0 = Release|Any CPU
	EndGlobalSection
	GlobalSection(SolutionProperties) = preSolution
		HideSolutionNode = FALSE
	EndGlobalSection
	GlobalSection(ExtensibilityGlobals) = postSolution
		SolutionGuid = {2FDCBB84-36CF-4D5C-8944-6E9856D70157}
	EndGlobalSection
EndGlobal
