
Microsoft Visual Studio Solution File, Format Version 12.00
# Visual Studio 15
VisualStudioVersion = 15.0.27130.2027
MinimumVisualStudioVersion = 10.0.40219.1
Project("{FAE04EC0-301F-11D3-BF4B-00C04F79EFBC}") = "ccStreetLightAcctEditor", "ccStreetLightAcctEditor\ccStreetLightAcctEditor.csproj", "{A561589B-49A0-49DA-A49C-880E6DF93BDE}"
EndProject
Global
	GlobalSection(SolutionConfigurationPlatforms) = preSolution
		Debug|Any CPU = Debug|Any CPU
		Release|Any CPU = Release|Any CPU
	EndGlobalSection
	GlobalSection(ProjectConfigurationPlatforms) = postSolution
		{A561589B-49A0-49DA-A49C-880E6DF93BDE}.Debug|Any CPU.ActiveCfg = Debug|Any CPU
		{A561589B-49A0-49DA-A49C-880E6DF93BDE}.Debug|Any CPU.Build.0 = Debug|Any CPU
		{A561589B-49A0-49DA-A49C-880E6DF93BDE}.Release|Any CPU.ActiveCfg = Release|Any CPU
		{A561589B-49A0-49DA-A49C-880E6DF93BDE}.Release|Any CPU.Build.0 = Release|Any CPU
	EndGlobalSection
	GlobalSection(SolutionProperties) = preSolution
		HideSolutionNode = FALSE
	EndGlobalSection
	GlobalSection(ExtensibilityGlobals) = postSolution
		SolutionGuid = {2DC42332-7243-471C-B692-36B90B275F5C}
	EndGlobalSection
EndGlobal
