
Microsoft Visual Studio Solution File, Format Version 12.00
# Visual Studio 15
VisualStudioVersion = 15.0.27130.2010
MinimumVisualStudioVersion = 10.0.40219.1
Project("{FAE04EC0-301F-11D3-BF4B-00C04F79EFBC}") = "customBufferQuery", "customBufferQuery\customBufferQuery.csproj", "{88DF196F-63E2-44B5-9902-912A8C374EA6}"
EndProject
Global
	GlobalSection(SolutionConfigurationPlatforms) = preSolution
		Debug|Any CPU = Debug|Any CPU
		Release|Any CPU = Release|Any CPU
	EndGlobalSection
	GlobalSection(ProjectConfigurationPlatforms) = postSolution
		{88DF196F-63E2-44B5-9902-912A8C374EA6}.Debug|Any CPU.ActiveCfg = Debug|Any CPU
		{88DF196F-63E2-44B5-9902-912A8C374EA6}.Debug|Any CPU.Build.0 = Debug|Any CPU
		{88DF196F-63E2-44B5-9902-912A8C374EA6}.Release|Any CPU.ActiveCfg = Release|Any CPU
		{88DF196F-63E2-44B5-9902-912A8C374EA6}.Release|Any CPU.Build.0 = Release|Any CPU
	EndGlobalSection
	GlobalSection(SolutionProperties) = preSolution
		HideSolutionNode = FALSE
	EndGlobalSection
	GlobalSection(ExtensibilityGlobals) = postSolution
		SolutionGuid = {8DBCE94F-274E-4508-B1F8-EFA21247C044}
	EndGlobalSection
EndGlobal
