
Microsoft Visual Studio Solution File, Format Version 12.00
# Visual Studio 15
VisualStudioVersion = 15.0.28307.168
MinimumVisualStudioVersion = 10.0.40219.1
Project("{FAE04EC0-301F-11D3-BF4B-00C04F79EFBC}") = "AttachWRDocument", "AttachWRDocument\AttachWRDocument.csproj", "{FD40BDC1-F7F4-4EE1-AAA0-AABE8345A530}"
EndProject
Project("{FAE04EC0-301F-11D3-BF4B-00C04F79EFBC}") = "OncDocManage", "..\OncDocManage\OncDocManage.csproj", "{1BC1DCA6-E5AD-4691-A03C-2E43ED3B3DD7}"
EndProject
Global
	GlobalSection(SolutionConfigurationPlatforms) = preSolution
		Debug|Any CPU = Debug|Any CPU
		Release|Any CPU = Release|Any CPU
	EndGlobalSection
	GlobalSection(ProjectConfigurationPlatforms) = postSolution
		{FD40BDC1-F7F4-4EE1-AAA0-AABE8345A530}.Debug|Any CPU.ActiveCfg = Debug|Any CPU
		{FD40BDC1-F7F4-4EE1-AAA0-AABE8345A530}.Debug|Any CPU.Build.0 = Debug|Any CPU
		{FD40BDC1-F7F4-4EE1-AAA0-AABE8345A530}.Release|Any CPU.ActiveCfg = Release|Any CPU
		{FD40BDC1-F7F4-4EE1-AAA0-AABE8345A530}.Release|Any CPU.Build.0 = Release|Any CPU
		{1BC1DCA6-E5AD-4691-A03C-2E43ED3B3DD7}.Debug|Any CPU.ActiveCfg = Debug|Any CPU
		{1BC1DCA6-E5AD-4691-A03C-2E43ED3B3DD7}.Debug|Any CPU.Build.0 = Debug|Any CPU
		{1BC1DCA6-E5AD-4691-A03C-2E43ED3B3DD7}.Release|Any CPU.ActiveCfg = Release|Any CPU
		{1BC1DCA6-E5AD-4691-A03C-2E43ED3B3DD7}.Release|Any CPU.Build.0 = Release|Any CPU
	EndGlobalSection
	GlobalSection(SolutionProperties) = preSolution
		HideSolutionNode = FALSE
	EndGlobalSection
	GlobalSection(ExtensibilityGlobals) = postSolution
		SolutionGuid = {6E799A35-3296-4CA3-B3CE-F30235417F4E}
	EndGlobalSection
EndGlobal
