
Microsoft Visual Studio Solution File, Format Version 12.00
# Visual Studio 15
VisualStudioVersion = 15.0.27428.2015
MinimumVisualStudioVersion = 10.0.40219.1
Project("{FAE04EC0-301F-11D3-BF4B-00C04F79EFBC}") = "SignificantAncillaryCreation", "SignificantAncillaryCreation\SignificantAncillaryCreation.csproj", "{605BC39B-8429-4900-BD8B-1FC7450015B9}"
EndProject
Project("{FAE04EC0-301F-11D3-BF4B-00C04F79EFBC}") = "CommonSetCUStandardAttributes", "..\..\Common\CommonSetCUStandardAttributes\CommonSetCUStandardAttributes.csproj", "{E87A8795-7900-4CEF-BF48-0CFC04489F6F}"
EndProject
Global
	GlobalSection(SolutionConfigurationPlatforms) = preSolution
		Debug|Any CPU = Debug|Any CPU
		Release|Any CPU = Release|Any CPU
	EndGlobalSection
	GlobalSection(ProjectConfigurationPlatforms) = postSolution
		{605BC39B-8429-4900-BD8B-1FC7450015B9}.Debug|Any CPU.ActiveCfg = Debug|Any CPU
		{605BC39B-8429-4900-BD8B-1FC7450015B9}.Debug|Any CPU.Build.0 = Debug|Any CPU
		{605BC39B-8429-4900-BD8B-1FC7450015B9}.Release|Any CPU.ActiveCfg = Release|Any CPU
		{605BC39B-8429-4900-BD8B-1FC7450015B9}.Release|Any CPU.Build.0 = Release|Any CPU
		{E87A8795-7900-4CEF-BF48-0CFC04489F6F}.Debug|Any CPU.ActiveCfg = Debug|Any CPU
		{E87A8795-7900-4CEF-BF48-0CFC04489F6F}.Debug|Any CPU.Build.0 = Debug|Any CPU
		{E87A8795-7900-4CEF-BF48-0CFC04489F6F}.Release|Any CPU.ActiveCfg = Release|Any CPU
		{E87A8795-7900-4CEF-BF48-0CFC04489F6F}.Release|Any CPU.Build.0 = Release|Any CPU
	EndGlobalSection
	GlobalSection(SolutionProperties) = preSolution
		HideSolutionNode = FALSE
	EndGlobalSection
	GlobalSection(ExtensibilityGlobals) = postSolution
		SolutionGuid = {2E6DC28F-663B-488A-B7A1-B2BBE53285F3}
	EndGlobalSection
EndGlobal
