
Microsoft Visual Studio Solution File, Format Version 12.00
# Visual Studio 15
VisualStudioVersion = 15.0.27428.2015
MinimumVisualStudioVersion = 10.0.40219.1
Project("{FAE04EC0-301F-11D3-BF4B-00C04F79EFBC}") = "ConnectivityHelper", "ConnectivityHelper.csproj", "{C4AFCC1C-BC76-4D6A-A28A-85D31ED21AB7}"
EndProject
Global
	GlobalSection(SolutionConfigurationPlatforms) = preSolution
		Debug|Any CPU = Debug|Any CPU
		Release|Any CPU = Release|Any CPU
	EndGlobalSection
	GlobalSection(ProjectConfigurationPlatforms) = postSolution
		{C4AFCC1C-BC76-4D6A-A28A-85D31ED21AB7}.Debug|Any CPU.ActiveCfg = Debug|Any CPU
		{C4AFCC1C-BC76-4D6A-A28A-85D31ED21AB7}.Debug|Any CPU.Build.0 = Debug|Any CPU
		{C4AFCC1C-BC76-4D6A-A28A-85D31ED21AB7}.Release|Any CPU.ActiveCfg = Release|Any CPU
		{C4AFCC1C-BC76-4D6A-A28A-85D31ED21AB7}.Release|Any CPU.Build.0 = Release|Any CPU
	EndGlobalSection
	GlobalSection(SolutionProperties) = preSolution
		HideSolutionNode = FALSE
	EndGlobalSection
	GlobalSection(ExtensibilityGlobals) = postSolution
		SolutionGuid = {E24D6FE9-5B4D-46E8-B81A-AAF431FE1009}
	EndGlobalSection
EndGlobal
