
Microsoft Visual Studio Solution File, Format Version 12.00
# Visual Studio 15
VisualStudioVersion = 15.0.27130.2010
MinimumVisualStudioVersion = 10.0.40219.1
Project("{FAE04EC0-301F-11D3-BF4B-00C04F79EFBC}") = "customNjunsSharedLibrary", "customNjunsSharedLibrary\customNjunsSharedLibrary.csproj", "{6BD2EFE3-4A61-47DB-B46F-68AF42288667}"
EndProject
Project("{FAE04EC0-301F-11D3-BF4B-00C04F79EFBC}") = "customBoundaryQuery", "..\customBoundaryQuery\customBoundaryQuery\customBoundaryQuery.csproj", "{AEB15B2F-F0B9-455B-B01B-0CF897579903}"
EndProject
Project("{FAE04EC0-301F-11D3-BF4B-00C04F79EFBC}") = "customBufferQuery", "..\customBufferQuery\customBufferQuery\customBufferQuery.csproj", "{88DF196F-63E2-44B5-9902-912A8C374EA6}"
EndProject
Project("{FAE04EC0-301F-11D3-BF4B-00C04F79EFBC}") = "SendXmlWebMessage", "..\SendXmlWebMessage\SendXmlWebMessage\SendXmlWebMessage.csproj", "{7BA97FEA-F60A-422B-A2C7-E325EFF9448C}"
EndProject
Project("{FAE04EC0-301F-11D3-BF4B-00C04F79EFBC}") = "gtInterfaceLogger", "..\gtInterfaceLogger\gtInterfaceLogger\gtInterfaceLogger.csproj", "{53396B35-301C-46D8-9191-2960B99F9793}"
EndProject
Global
	GlobalSection(SolutionConfigurationPlatforms) = preSolution
		Debug|Any CPU = Debug|Any CPU
		Release|Any CPU = Release|Any CPU
	EndGlobalSection
	GlobalSection(ProjectConfigurationPlatforms) = postSolution
		{6BD2EFE3-4A61-47DB-B46F-68AF42288667}.Debug|Any CPU.ActiveCfg = Debug|Any CPU
		{6BD2EFE3-4A61-47DB-B46F-68AF42288667}.Debug|Any CPU.Build.0 = Debug|Any CPU
		{6BD2EFE3-4A61-47DB-B46F-68AF42288667}.Release|Any CPU.ActiveCfg = Release|Any CPU
		{6BD2EFE3-4A61-47DB-B46F-68AF42288667}.Release|Any CPU.Build.0 = Release|Any CPU
		{AEB15B2F-F0B9-455B-B01B-0CF897579903}.Debug|Any CPU.ActiveCfg = Debug|Any CPU
		{AEB15B2F-F0B9-455B-B01B-0CF897579903}.Debug|Any CPU.Build.0 = Debug|Any CPU
		{AEB15B2F-F0B9-455B-B01B-0CF897579903}.Release|Any CPU.ActiveCfg = Release|Any CPU
		{AEB15B2F-F0B9-455B-B01B-0CF897579903}.Release|Any CPU.Build.0 = Release|Any CPU
		{88DF196F-63E2-44B5-9902-912A8C374EA6}.Debug|Any CPU.ActiveCfg = Debug|Any CPU
		{88DF196F-63E2-44B5-9902-912A8C374EA6}.Debug|Any CPU.Build.0 = Debug|Any CPU
		{88DF196F-63E2-44B5-9902-912A8C374EA6}.Release|Any CPU.ActiveCfg = Release|Any CPU
		{88DF196F-63E2-44B5-9902-912A8C374EA6}.Release|Any CPU.Build.0 = Release|Any CPU
		{7BA97FEA-F60A-422B-A2C7-E325EFF9448C}.Debug|Any CPU.ActiveCfg = Debug|Any CPU
		{7BA97FEA-F60A-422B-A2C7-E325EFF9448C}.Debug|Any CPU.Build.0 = Debug|Any CPU
		{7BA97FEA-F60A-422B-A2C7-E325EFF9448C}.Release|Any CPU.ActiveCfg = Release|Any CPU
		{7BA97FEA-F60A-422B-A2C7-E325EFF9448C}.Release|Any CPU.Build.0 = Release|Any CPU
		{53396B35-301C-46D8-9191-2960B99F9793}.Debug|Any CPU.ActiveCfg = Debug|Any CPU
		{53396B35-301C-46D8-9191-2960B99F9793}.Debug|Any CPU.Build.0 = Debug|Any CPU
		{53396B35-301C-46D8-9191-2960B99F9793}.Release|Any CPU.ActiveCfg = Release|Any CPU
		{53396B35-301C-46D8-9191-2960B99F9793}.Release|Any CPU.Build.0 = Release|Any CPU
	EndGlobalSection
	GlobalSection(SolutionProperties) = preSolution
		HideSolutionNode = FALSE
	EndGlobalSection
	GlobalSection(ExtensibilityGlobals) = postSolution
		SolutionGuid = {3120FE3C-A2D0-4A90-9B43-10B2FE5E3C8F}
	EndGlobalSection
EndGlobal
