
Microsoft Visual Studio Solution File, Format Version 12.00
# Visual Studio 15
VisualStudioVersion = 15.0.27703.2026
MinimumVisualStudioVersion = 10.0.40219.1
Project("{FAE04EC0-301F-11D3-BF4B-00C04F79EFBC}") = "ccAttachSiteDrawing", "ccAttachSiteDrawing\ccAttachSiteDrawing.csproj", "{A99CA0A8-FEE3-4A62-AE83-1CF09F836FBE}"
EndProject
Project("{FAE04EC0-301F-11D3-BF4B-00C04F79EFBC}") = "OncDocManage", "..\..\Common\OncDocManage\OncDocManage.csproj", "{1BC1DCA6-E5AD-4691-A03C-2E43ED3B3DD7}"
EndProject
Global
	GlobalSection(SolutionConfigurationPlatforms) = preSolution
		Debug|Any CPU = Debug|Any CPU
		Release|Any CPU = Release|Any CPU
	EndGlobalSection
	GlobalSection(ProjectConfigurationPlatforms) = postSolution
		{A99CA0A8-FEE3-4A62-AE83-1CF09F836FBE}.Debug|Any CPU.ActiveCfg = Debug|Any CPU
		{A99CA0A8-FEE3-4A62-AE83-1CF09F836FBE}.Debug|Any CPU.Build.0 = Debug|Any CPU
		{A99CA0A8-FEE3-4A62-AE83-1CF09F836FBE}.Release|Any CPU.ActiveCfg = Release|Any CPU
		{A99CA0A8-FEE3-4A62-AE83-1CF09F836FBE}.Release|Any CPU.Build.0 = Release|Any CPU
		{1BC1DCA6-E5AD-4691-A03C-2E43ED3B3DD7}.Debug|Any CPU.ActiveCfg = Debug|Any CPU
		{1BC1DCA6-E5AD-4691-A03C-2E43ED3B3DD7}.Debug|Any CPU.Build.0 = Debug|Any CPU
		{1BC1DCA6-E5AD-4691-A03C-2E43ED3B3DD7}.Release|Any CPU.ActiveCfg = Release|Any CPU
		{1BC1DCA6-E5AD-4691-A03C-2E43ED3B3DD7}.Release|Any CPU.Build.0 = Release|Any CPU
	EndGlobalSection
	GlobalSection(SolutionProperties) = preSolution
		HideSolutionNode = FALSE
	EndGlobalSection
	GlobalSection(ExtensibilityGlobals) = postSolution
		SolutionGuid = {8EE9622A-E51E-4EDD-B93A-7B320BB72C50}
	EndGlobalSection
EndGlobal
