
Microsoft Visual Studio Solution File, Format Version 12.00
# Visual Studio 15
VisualStudioVersion = 15.0.27130.2010
MinimumVisualStudioVersion = 10.0.40219.1
Project("{FAE04EC0-301F-11D3-BF4B-00C04F79EFBC}") = "GISAutomationMonitor", "GISAutomationMonitor\GISAutomationMonitor.csproj", "{5B7608AC-B33D-44FA-9F5B-3E9882AA4C51}"
EndProject
Global
	GlobalSection(SolutionConfigurationPlatforms) = preSolution
		Debug|Any CPU = Debug|Any CPU
		Debug|x86 = Debug|x86
		Release|Any CPU = Release|Any CPU
		Release|x86 = Release|x86
	EndGlobalSection
	GlobalSection(ProjectConfigurationPlatforms) = postSolution
		{5B7608AC-B33D-44FA-9F5B-3E9882AA4C51}.Debug|Any CPU.ActiveCfg = Debug|Any CPU
		{5B7608AC-B33D-44FA-9F5B-3E9882AA4C51}.Debug|Any CPU.Build.0 = Debug|Any CPU
		{5B7608AC-B33D-44FA-9F5B-3E9882AA4C51}.Debug|x86.ActiveCfg = Debug|x86
		{5B7608AC-B33D-44FA-9F5B-3E9882AA4C51}.Debug|x86.Build.0 = Debug|x86
		{5B7608AC-B33D-44FA-9F5B-3E9882AA4C51}.Release|Any CPU.ActiveCfg = Release|Any CPU
		{5B7608AC-B33D-44FA-9F5B-3E9882AA4C51}.Release|Any CPU.Build.0 = Release|Any CPU
		{5B7608AC-B33D-44FA-9F5B-3E9882AA4C51}.Release|x86.ActiveCfg = Release|x86
		{5B7608AC-B33D-44FA-9F5B-3E9882AA4C51}.Release|x86.Build.0 = Release|x86
	EndGlobalSection
	GlobalSection(SolutionProperties) = preSolution
		HideSolutionNode = FALSE
	EndGlobalSection
	GlobalSection(ExtensibilityGlobals) = postSolution
		SolutionGuid = {5F4C643F-70D5-4A4A-B0C2-847E66992A18}
	EndGlobalSection
EndGlobal
