
Microsoft Visual Studio Solution File, Format Version 12.00
# Visual Studio 15
VisualStudioVersion = 15.0.27130.2003
MinimumVisualStudioVersion = 10.0.40219.1
Project("{FAE04EC0-301F-11D3-BF4B-00C04F79EFBC}") = "ccCopyAncillaries", "ccCopyAncillaries\ccCopyAncillaries.csproj", "{78D1BC13-7A51-43B4-B294-22995F2464AD}"
EndProject
Project("{FAE04EC0-301F-11D3-BF4B-00C04F79EFBC}") = "CommonFVInterfaceSharedLibrary", "..\..\Common\CommonFVInterfaceSharedLibrary\CommonFVInterfaceSharedLibrary.csproj", "{E2277432-0BB6-4500-84D7-F4691937ADDB}"
EndProject
Project("{FAE04EC0-301F-11D3-BF4B-00C04F79EFBC}") = "customWorkPointCreator", "..\..\Common\customWorkPointCreator\customWorkPointCreator\customWorkPointCreator.csproj", "{2C14D66D-79D7-4363-8551-ADB7E7AD2226}"
EndProject
Global
	GlobalSection(SolutionConfigurationPlatforms) = preSolution
		Debug|Any CPU = Debug|Any CPU
		Release|Any CPU = Release|Any CPU
	EndGlobalSection
	GlobalSection(ProjectConfigurationPlatforms) = postSolution
		{78D1BC13-7A51-43B4-B294-22995F2464AD}.Debug|Any CPU.ActiveCfg = Debug|Any CPU
		{78D1BC13-7A51-43B4-B294-22995F2464AD}.Debug|Any CPU.Build.0 = Debug|Any CPU
		{78D1BC13-7A51-43B4-B294-22995F2464AD}.Release|Any CPU.ActiveCfg = Release|Any CPU
		{78D1BC13-7A51-43B4-B294-22995F2464AD}.Release|Any CPU.Build.0 = Release|Any CPU
		{E2277432-0BB6-4500-84D7-F4691937ADDB}.Debug|Any CPU.ActiveCfg = Debug|Any CPU
		{E2277432-0BB6-4500-84D7-F4691937ADDB}.Debug|Any CPU.Build.0 = Debug|Any CPU
		{E2277432-0BB6-4500-84D7-F4691937ADDB}.Release|Any CPU.ActiveCfg = Release|Any CPU
		{E2277432-0BB6-4500-84D7-F4691937ADDB}.Release|Any CPU.Build.0 = Release|Any CPU
		{2C14D66D-79D7-4363-8551-ADB7E7AD2226}.Debug|Any CPU.ActiveCfg = Debug|Any CPU
		{2C14D66D-79D7-4363-8551-ADB7E7AD2226}.Debug|Any CPU.Build.0 = Debug|Any CPU
		{2C14D66D-79D7-4363-8551-ADB7E7AD2226}.Release|Any CPU.ActiveCfg = Release|Any CPU
		{2C14D66D-79D7-4363-8551-ADB7E7AD2226}.Release|Any CPU.Build.0 = Release|Any CPU
	EndGlobalSection
	GlobalSection(SolutionProperties) = preSolution
		HideSolutionNode = FALSE
	EndGlobalSection
	GlobalSection(ExtensibilityGlobals) = postSolution
		SolutionGuid = {261449F5-3873-4F01-B048-0B48F88DF721}
	EndGlobalSection
EndGlobal
