
Microsoft Visual Studio Solution File, Format Version 12.00
# Visual Studio 15
VisualStudioVersion = 15.0.27130.2003
MinimumVisualStudioVersion = 10.0.40219.1
Project("{FAE04EC0-301F-11D3-BF4B-00C04F79EFBC}") = "ccSagClearance", "ccSagClearance\ccSagClearance.csproj", "{FBC24D46-6663-4B7E-B903-353CD9B86C5A}"
EndProject
Project("{FAE04EC0-301F-11D3-BF4B-00C04F79EFBC}") = "commonDesignTools", "..\..\Common\commonDesignTools\commonDesignTools\commonDesignTools.csproj", "{4AE8E592-67C7-4954-A570-D900DCE644D6}"
EndProject
Project("{FAE04EC0-301F-11D3-BF4B-00C04F79EFBC}") = "OncDocManage", "..\..\Common\OncDocManage\OncDocManage.csproj", "{1BC1DCA6-E5AD-4691-A03C-2E43ED3B3DD7}"
EndProject
Project("{FAE04EC0-301F-11D3-BF4B-00C04F79EFBC}") = "gtCommandLogger", "..\..\Common\gtCommandLogger\gtCommandLogger.csproj", "{9D9FC565-36BC-44E0-95A6-E542E054010E}"
EndProject
Global
	GlobalSection(SolutionConfigurationPlatforms) = preSolution
		Debug|Any CPU = Debug|Any CPU
		Debug|x86 = Debug|x86
		Release|Any CPU = Release|Any CPU
		Release|x86 = Release|x86
	EndGlobalSection
	GlobalSection(ProjectConfigurationPlatforms) = postSolution
		{FBC24D46-6663-4B7E-B903-353CD9B86C5A}.Debug|Any CPU.ActiveCfg = Debug|Any CPU
		{FBC24D46-6663-4B7E-B903-353CD9B86C5A}.Debug|Any CPU.Build.0 = Debug|Any CPU
		{FBC24D46-6663-4B7E-B903-353CD9B86C5A}.Debug|x86.ActiveCfg = Debug|x86
		{FBC24D46-6663-4B7E-B903-353CD9B86C5A}.Debug|x86.Build.0 = Debug|x86
		{FBC24D46-6663-4B7E-B903-353CD9B86C5A}.Release|Any CPU.ActiveCfg = Release|Any CPU
		{FBC24D46-6663-4B7E-B903-353CD9B86C5A}.Release|Any CPU.Build.0 = Release|Any CPU
		{FBC24D46-6663-4B7E-B903-353CD9B86C5A}.Release|x86.ActiveCfg = Release|x86
		{FBC24D46-6663-4B7E-B903-353CD9B86C5A}.Release|x86.Build.0 = Release|x86
		{4AE8E592-67C7-4954-A570-D900DCE644D6}.Debug|Any CPU.ActiveCfg = Debug|Any CPU
		{4AE8E592-67C7-4954-A570-D900DCE644D6}.Debug|Any CPU.Build.0 = Debug|Any CPU
		{4AE8E592-67C7-4954-A570-D900DCE644D6}.Debug|x86.ActiveCfg = Debug|x86
		{4AE8E592-67C7-4954-A570-D900DCE644D6}.Debug|x86.Build.0 = Debug|x86
		{4AE8E592-67C7-4954-A570-D900DCE644D6}.Release|Any CPU.ActiveCfg = Release|Any CPU
		{4AE8E592-67C7-4954-A570-D900DCE644D6}.Release|Any CPU.Build.0 = Release|Any CPU
		{4AE8E592-67C7-4954-A570-D900DCE644D6}.Release|x86.ActiveCfg = Release|x86
		{4AE8E592-67C7-4954-A570-D900DCE644D6}.Release|x86.Build.0 = Release|x86
		{1BC1DCA6-E5AD-4691-A03C-2E43ED3B3DD7}.Debug|Any CPU.ActiveCfg = Debug|Any CPU
		{1BC1DCA6-E5AD-4691-A03C-2E43ED3B3DD7}.Debug|Any CPU.Build.0 = Debug|Any CPU
		{1BC1DCA6-E5AD-4691-A03C-2E43ED3B3DD7}.Debug|x86.ActiveCfg = Debug|Any CPU
		{1BC1DCA6-E5AD-4691-A03C-2E43ED3B3DD7}.Debug|x86.Build.0 = Debug|Any CPU
		{1BC1DCA6-E5AD-4691-A03C-2E43ED3B3DD7}.Release|Any CPU.ActiveCfg = Release|Any CPU
		{1BC1DCA6-E5AD-4691-A03C-2E43ED3B3DD7}.Release|Any CPU.Build.0 = Release|Any CPU
		{1BC1DCA6-E5AD-4691-A03C-2E43ED3B3DD7}.Release|x86.ActiveCfg = Release|Any CPU
		{1BC1DCA6-E5AD-4691-A03C-2E43ED3B3DD7}.Release|x86.Build.0 = Release|Any CPU
		{9D9FC565-36BC-44E0-95A6-E542E054010E}.Debug|Any CPU.ActiveCfg = Debug|Any CPU
		{9D9FC565-36BC-44E0-95A6-E542E054010E}.Debug|Any CPU.Build.0 = Debug|Any CPU
		{9D9FC565-36BC-44E0-95A6-E542E054010E}.Debug|x86.ActiveCfg = Debug|Any CPU
		{9D9FC565-36BC-44E0-95A6-E542E054010E}.Debug|x86.Build.0 = Debug|Any CPU
		{9D9FC565-36BC-44E0-95A6-E542E054010E}.Release|Any CPU.ActiveCfg = Release|Any CPU
		{9D9FC565-36BC-44E0-95A6-E542E054010E}.Release|Any CPU.Build.0 = Release|Any CPU
		{9D9FC565-36BC-44E0-95A6-E542E054010E}.Release|x86.ActiveCfg = Release|Any CPU
		{9D9FC565-36BC-44E0-95A6-E542E054010E}.Release|x86.Build.0 = Release|Any CPU
	EndGlobalSection
	GlobalSection(SolutionProperties) = preSolution
		HideSolutionNode = FALSE
	EndGlobalSection
	GlobalSection(ExtensibilityGlobals) = postSolution
		SolutionGuid = {7CA590C8-6403-4717-B6F3-80C97A9ED546}
	EndGlobalSection
EndGlobal
